
Microsoft Visual Studio Solution File, Format Version 12.00
# Visual Studio Version 17
VisualStudioVersion = 17.7.34202.233
MinimumVisualStudioVersion = 10.0.40219.1
Project("{8BC9CEB8-8B4A-11D0-8D11-00A0C91BC942}") = "MpiLab", "MpiLab\MpiLab.vcxproj", "{FBED23D1-F126-4182-BFE0-1E62BE510392}"
EndProject
Global
	GlobalSection(SolutionConfigurationPlatforms) = preSolution
		Debug|x64 = Debug|x64
		Debug|x86 = Debug|x86
		Release|x64 = Release|x64
		Release|x86 = Release|x86
	EndGlobalSection
	GlobalSection(ProjectConfigurationPlatforms) = postSolution
		{FBED23D1-F126-4182-BFE0-1E62BE510392}.Debug|x64.ActiveCfg = Debug|x64
		{FBED23D1-F126-4182-BFE0-1E62BE510392}.Debug|x64.Build.0 = Debug|x64
		{FBED23D1-F126-4182-BFE0-1E62BE510392}.Debug|x86.ActiveCfg = Debug|Win32
		{FBED23D1-F126-4182-BFE0-1E62BE510392}.Debug|x86.Build.0 = Debug|Win32
		{FBED23D1-F126-4182-BFE0-1E62BE510392}.Release|x64.ActiveCfg = Release|x64
		{FBED23D1-F126-4182-BFE0-1E62BE510392}.Release|x64.Build.0 = Release|x64
		{FBED23D1-F126-4182-BFE0-1E62BE510392}.Release|x86.ActiveCfg = Release|Win32
		{FBED23D1-F126-4182-BFE0-1E62BE510392}.Release|x86.Build.0 = Release|Win32
	EndGlobalSection
	GlobalSection(SolutionProperties) = preSolution
		HideSolutionNode = FALSE
	EndGlobalSection
	GlobalSection(ExtensibilityGlobals) = postSolution
		SolutionGuid = {A1C753E9-2552-4754-9E98-D0ACC0BF629B}
	EndGlobalSection
EndGlobal
